
Microsoft Visual Studio Solution File, Format Version 12.00
# Visual Studio 14
VisualStudioVersion = 14.0.23107.0
MinimumVisualStudioVersion = 10.0.40219.1
Project("{A0786B88-2ADB-4C21-ABE8-AA2D79766269}") = "HSV_AngularJS", "HSV_AngularJS.phpproj", "{65E5AB51-DE1E-4DE8-AF0E-7B745D2BE5EC}"
EndProject
Global
	GlobalSection(SolutionConfigurationPlatforms) = preSolution
		Debug|Any CPU = Debug|Any CPU
		Release|Any CPU = Release|Any CPU
	EndGlobalSection
	GlobalSection(ProjectConfigurationPlatforms) = postSolution
		{65E5AB51-DE1E-4DE8-AF0E-7B745D2BE5EC}.Debug|Any CPU.ActiveCfg = Debug|Any CPU
		{65E5AB51-DE1E-4DE8-AF0E-7B745D2BE5EC}.Debug|Any CPU.Build.0 = Debug|Any CPU
		{65E5AB51-DE1E-4DE8-AF0E-7B745D2BE5EC}.Release|Any CPU.ActiveCfg = Release|Any CPU
		{65E5AB51-DE1E-4DE8-AF0E-7B745D2BE5EC}.Release|Any CPU.Build.0 = Release|Any CPU
	EndGlobalSection
	GlobalSection(SolutionProperties) = preSolution
		HideSolutionNode = FALSE
	EndGlobalSection
EndGlobal
